
Microsoft Visual Studio Solution File, Format Version 12.00
# Visual Studio Version 16
VisualStudioVersion = 16.0.31911.196
MinimumVisualStudioVersion = 10.0.40219.1
Project("{FAE04EC0-301F-11D3-BF4B-00C04F79EFBC}") = "lab03_MVC", "lab03_MVC\lab03_MVC.csproj", "{4DA2FEF3-92E6-4BB6-8454-7BC390CD5435}"
EndProject
Global
	GlobalSection(SolutionConfigurationPlatforms) = preSolution
		Debug|Any CPU = Debug|Any CPU
		Release|Any CPU = Release|Any CPU
	EndGlobalSection
	GlobalSection(ProjectConfigurationPlatforms) = postSolution
		{4DA2FEF3-92E6-4BB6-8454-7BC390CD5435}.Debug|Any CPU.ActiveCfg = Debug|Any CPU
		{4DA2FEF3-92E6-4BB6-8454-7BC390CD5435}.Debug|Any CPU.Build.0 = Debug|Any CPU
		{4DA2FEF3-92E6-4BB6-8454-7BC390CD5435}.Release|Any CPU.ActiveCfg = Release|Any CPU
		{4DA2FEF3-92E6-4BB6-8454-7BC390CD5435}.Release|Any CPU.Build.0 = Release|Any CPU
	EndGlobalSection
	GlobalSection(SolutionProperties) = preSolution
		HideSolutionNode = FALSE
	EndGlobalSection
	GlobalSection(ExtensibilityGlobals) = postSolution
		SolutionGuid = {E99E04A1-7257-4FF1-A38D-AC6DC6FE5AE3}
	EndGlobalSection
EndGlobal
